
Microsoft Visual Studio Solution File, Format Version 12.00
# Visual Studio 15
Project("{FAE04EC0-301F-11D3-BF4B-00C04F79EFBC}") = "UnityEngine.TestRunner", "UnityEngine.TestRunner.csproj", "{E518B8CF-139F-3838-BE59-0CB508D4E853}"
EndProject
Project("{FAE04EC0-301F-11D3-BF4B-00C04F79EFBC}") = "UnityEngine.UI", "UnityEngine.UI.csproj", "{AA4DE1D0-02AA-1B94-8246-7966BF78C1F6}"
EndProject
Project("{FAE04EC0-301F-11D3-BF4B-00C04F79EFBC}") = "Unity.Timeline", "Unity.Timeline.csproj", "{502114BC-2F0A-C861-E21A-026D8C4D892D}"
EndProject
Project("{FAE04EC0-301F-11D3-BF4B-00C04F79EFBC}") = "Unity.TextMeshPro", "Unity.TextMeshPro.csproj", "{67DEF205-7F6D-EE18-B988-044D4F774B23}"
EndProject
Project("{FAE04EC0-301F-11D3-BF4B-00C04F79EFBC}") = "Assembly-CSharp", "Assembly-CSharp.csproj", "{C7DA4619-07F7-52FC-A185-C6298B5F8707}"
EndProject
Project("{FAE04EC0-301F-11D3-BF4B-00C04F79EFBC}") = "UnityEditor.TestRunner", "UnityEditor.TestRunner.csproj", "{7B68215F-09B0-8D60-9476-E8CBBE7C9DEF}"
EndProject
Project("{FAE04EC0-301F-11D3-BF4B-00C04F79EFBC}") = "Unity.PlasticSCM.Editor", "Unity.PlasticSCM.Editor.csproj", "{A6F86131-A20C-2BAC-7BA8-4AF3F423794D}"
EndProject
Project("{FAE04EC0-301F-11D3-BF4B-00C04F79EFBC}") = "UnityEditor.UI", "UnityEditor.UI.csproj", "{E67245BE-D1B0-7649-B959-B4BE8426F833}"
EndProject
Project("{FAE04EC0-301F-11D3-BF4B-00C04F79EFBC}") = "Unity.Services.Core.Editor", "Unity.Services.Core.Editor.csproj", "{DD1DE520-0997-8301-55E7-FD72189591DA}"
EndProject
Project("{FAE04EC0-301F-11D3-BF4B-00C04F79EFBC}") = "Unity.Timeline.Editor", "Unity.Timeline.Editor.csproj", "{A9D584CE-B602-7B35-D206-0DCF4088DF92}"
EndProject
Project("{FAE04EC0-301F-11D3-BF4B-00C04F79EFBC}") = "Unity.VisualStudio.Editor", "Unity.VisualStudio.Editor.csproj", "{6A38CBE2-8E12-CC44-8D31-46B363FC6234}"
EndProject
Project("{FAE04EC0-301F-11D3-BF4B-00C04F79EFBC}") = "Unity.TextMeshPro.Editor", "Unity.TextMeshPro.Editor.csproj", "{38027B62-3F07-5017-9DB2-AC808BEC675E}"
EndProject
Project("{FAE04EC0-301F-11D3-BF4B-00C04F79EFBC}") = "Unity.CollabProxy.Editor", "Unity.CollabProxy.Editor.csproj", "{0DC61F7E-7987-5520-71A4-B235E33D09BC}"
EndProject
Project("{FAE04EC0-301F-11D3-BF4B-00C04F79EFBC}") = "Unity.Rider.Editor", "Unity.Rider.Editor.csproj", "{3144906D-53AD-E588-348F-37ABE1A1BEEE}"
EndProject
Project("{FAE04EC0-301F-11D3-BF4B-00C04F79EFBC}") = "Unity.VSCode.Editor", "Unity.VSCode.Editor.csproj", "{5AC2D6A8-0934-0C7A-ED78-8DDC36A32A85}"
EndProject
Global
	GlobalSection(SolutionConfigurationPlatforms) = preSolution
		Debug|Any CPU = Debug|Any CPU
		Release|Any CPU = Release|Any CPU
	EndGlobalSection
	GlobalSection(ProjectConfigurationPlatforms) = postSolution
		{E518B8CF-139F-3838-BE59-0CB508D4E853}.Debug|Any CPU.ActiveCfg = Debug|Any CPU
		{E518B8CF-139F-3838-BE59-0CB508D4E853}.Debug|Any CPU.Build.0 = Debug|Any CPU
		{E518B8CF-139F-3838-BE59-0CB508D4E853}.Release|Any CPU.ActiveCfg = Release|Any CPU
		{E518B8CF-139F-3838-BE59-0CB508D4E853}.Release|Any CPU.Build.0 = Release|Any CPU
		{AA4DE1D0-02AA-1B94-8246-7966BF78C1F6}.Debug|Any CPU.ActiveCfg = Debug|Any CPU
		{AA4DE1D0-02AA-1B94-8246-7966BF78C1F6}.Debug|Any CPU.Build.0 = Debug|Any CPU
		{AA4DE1D0-02AA-1B94-8246-7966BF78C1F6}.Release|Any CPU.ActiveCfg = Release|Any CPU
		{AA4DE1D0-02AA-1B94-8246-7966BF78C1F6}.Release|Any CPU.Build.0 = Release|Any CPU
		{502114BC-2F0A-C861-E21A-026D8C4D892D}.Debug|Any CPU.ActiveCfg = Debug|Any CPU
		{502114BC-2F0A-C861-E21A-026D8C4D892D}.Debug|Any CPU.Build.0 = Debug|Any CPU
		{502114BC-2F0A-C861-E21A-026D8C4D892D}.Release|Any CPU.ActiveCfg = Release|Any CPU
		{502114BC-2F0A-C861-E21A-026D8C4D892D}.Release|Any CPU.Build.0 = Release|Any CPU
		{67DEF205-7F6D-EE18-B988-044D4F774B23}.Debug|Any CPU.ActiveCfg = Debug|Any CPU
		{67DEF205-7F6D-EE18-B988-044D4F774B23}.Debug|Any CPU.Build.0 = Debug|Any CPU
		{67DEF205-7F6D-EE18-B988-044D4F774B23}.Release|Any CPU.ActiveCfg = Release|Any CPU
		{67DEF205-7F6D-EE18-B988-044D4F774B23}.Release|Any CPU.Build.0 = Release|Any CPU
		{C7DA4619-07F7-52FC-A185-C6298B5F8707}.Debug|Any CPU.ActiveCfg = Debug|Any CPU
		{C7DA4619-07F7-52FC-A185-C6298B5F8707}.Debug|Any CPU.Build.0 = Debug|Any CPU
		{C7DA4619-07F7-52FC-A185-C6298B5F8707}.Release|Any CPU.ActiveCfg = Release|Any CPU
		{C7DA4619-07F7-52FC-A185-C6298B5F8707}.Release|Any CPU.Build.0 = Release|Any CPU
		{7B68215F-09B0-8D60-9476-E8CBBE7C9DEF}.Debug|Any CPU.ActiveCfg = Debug|Any CPU
		{7B68215F-09B0-8D60-9476-E8CBBE7C9DEF}.Debug|Any CPU.Build.0 = Debug|Any CPU
		{7B68215F-09B0-8D60-9476-E8CBBE7C9DEF}.Release|Any CPU.ActiveCfg = Release|Any CPU
		{7B68215F-09B0-8D60-9476-E8CBBE7C9DEF}.Release|Any CPU.Build.0 = Release|Any CPU
		{A6F86131-A20C-2BAC-7BA8-4AF3F423794D}.Debug|Any CPU.ActiveCfg = Debug|Any CPU
		{A6F86131-A20C-2BAC-7BA8-4AF3F423794D}.Debug|Any CPU.Build.0 = Debug|Any CPU
		{A6F86131-A20C-2BAC-7BA8-4AF3F423794D}.Release|Any CPU.ActiveCfg = Release|Any CPU
		{A6F86131-A20C-2BAC-7BA8-4AF3F423794D}.Release|Any CPU.Build.0 = Release|Any CPU
		{E67245BE-D1B0-7649-B959-B4BE8426F833}.Debug|Any CPU.ActiveCfg = Debug|Any CPU
		{E67245BE-D1B0-7649-B959-B4BE8426F833}.Debug|Any CPU.Build.0 = Debug|Any CPU
		{E67245BE-D1B0-7649-B959-B4BE8426F833}.Release|Any CPU.ActiveCfg = Release|Any CPU
		{E67245BE-D1B0-7649-B959-B4BE8426F833}.Release|Any CPU.Build.0 = Release|Any CPU
		{DD1DE520-0997-8301-55E7-FD72189591DA}.Debug|Any CPU.ActiveCfg = Debug|Any CPU
		{DD1DE520-0997-8301-55E7-FD72189591DA}.Debug|Any CPU.Build.0 = Debug|Any CPU
		{DD1DE520-0997-8301-55E7-FD72189591DA}.Release|Any CPU.ActiveCfg = Release|Any CPU
		{DD1DE520-0997-8301-55E7-FD72189591DA}.Release|Any CPU.Build.0 = Release|Any CPU
		{A9D584CE-B602-7B35-D206-0DCF4088DF92}.Debug|Any CPU.ActiveCfg = Debug|Any CPU
		{A9D584CE-B602-7B35-D206-0DCF4088DF92}.Debug|Any CPU.Build.0 = Debug|Any CPU
		{A9D584CE-B602-7B35-D206-0DCF4088DF92}.Release|Any CPU.ActiveCfg = Release|Any CPU
		{A9D584CE-B602-7B35-D206-0DCF4088DF92}.Release|Any CPU.Build.0 = Release|Any CPU
		{6A38CBE2-8E12-CC44-8D31-46B363FC6234}.Debug|Any CPU.ActiveCfg = Debug|Any CPU
		{6A38CBE2-8E12-CC44-8D31-46B363FC6234}.Debug|Any CPU.Build.0 = Debug|Any CPU
		{6A38CBE2-8E12-CC44-8D31-46B363FC6234}.Release|Any CPU.ActiveCfg = Release|Any CPU
		{6A38CBE2-8E12-CC44-8D31-46B363FC6234}.Release|Any CPU.Build.0 = Release|Any CPU
		{38027B62-3F07-5017-9DB2-AC808BEC675E}.Debug|Any CPU.ActiveCfg = Debug|Any CPU
		{38027B62-3F07-5017-9DB2-AC808BEC675E}.Debug|Any CPU.Build.0 = Debug|Any CPU
		{38027B62-3F07-5017-9DB2-AC808BEC675E}.Release|Any CPU.ActiveCfg = Release|Any CPU
		{38027B62-3F07-5017-9DB2-AC808BEC675E}.Release|Any CPU.Build.0 = Release|Any CPU
		{0DC61F7E-7987-5520-71A4-B235E33D09BC}.Debug|Any CPU.ActiveCfg = Debug|Any CPU
		{0DC61F7E-7987-5520-71A4-B235E33D09BC}.Debug|Any CPU.Build.0 = Debug|Any CPU
		{0DC61F7E-7987-5520-71A4-B235E33D09BC}.Release|Any CPU.ActiveCfg = Release|Any CPU
		{0DC61F7E-7987-5520-71A4-B235E33D09BC}.Release|Any CPU.Build.0 = Release|Any CPU
		{3144906D-53AD-E588-348F-37ABE1A1BEEE}.Debug|Any CPU.ActiveCfg = Debug|Any CPU
		{3144906D-53AD-E588-348F-37ABE1A1BEEE}.Debug|Any CPU.Build.0 = Debug|Any CPU
		{3144906D-53AD-E588-348F-37ABE1A1BEEE}.Release|Any CPU.ActiveCfg = Release|Any CPU
		{3144906D-53AD-E588-348F-37ABE1A1BEEE}.Release|Any CPU.Build.0 = Release|Any CPU
		{5AC2D6A8-0934-0C7A-ED78-8DDC36A32A85}.Debug|Any CPU.ActiveCfg = Debug|Any CPU
		{5AC2D6A8-0934-0C7A-ED78-8DDC36A32A85}.Debug|Any CPU.Build.0 = Debug|Any CPU
		{5AC2D6A8-0934-0C7A-ED78-8DDC36A32A85}.Release|Any CPU.ActiveCfg = Release|Any CPU
		{5AC2D6A8-0934-0C7A-ED78-8DDC36A32A85}.Release|Any CPU.Build.0 = Release|Any CPU
	EndGlobalSection
	GlobalSection(SolutionProperties) = preSolution
		HideSolutionNode = FALSE
	EndGlobalSection
EndGlobal
